
Microsoft Visual Studio Solution File, Format Version 12.00
# Visual Studio Version 17
VisualStudioVersion = 17.4.33122.133
MinimumVisualStudioVersion = 10.0.40219.1
Project("{FAE04EC0-301F-11D3-BF4B-00C04F79EFBC}") = "Collections_Less32", "Collections_Less32.csproj", "{1F341561-2BEB-4814-881E-EA1D62192189}"
EndProject
Global
	GlobalSection(SolutionConfigurationPlatforms) = preSolution
		Debug|Any CPU = Debug|Any CPU
		Release|Any CPU = Release|Any CPU
	EndGlobalSection
	GlobalSection(ProjectConfigurationPlatforms) = postSolution
		{1F341561-2BEB-4814-881E-EA1D62192189}.Debug|Any CPU.ActiveCfg = Debug|Any CPU
		{1F341561-2BEB-4814-881E-EA1D62192189}.Debug|Any CPU.Build.0 = Debug|Any CPU
		{1F341561-2BEB-4814-881E-EA1D62192189}.Release|Any CPU.ActiveCfg = Release|Any CPU
		{1F341561-2BEB-4814-881E-EA1D62192189}.Release|Any CPU.Build.0 = Release|Any CPU
	EndGlobalSection
	GlobalSection(SolutionProperties) = preSolution
		HideSolutionNode = FALSE
	EndGlobalSection
	GlobalSection(ExtensibilityGlobals) = postSolution
		SolutionGuid = {1AA96B10-6EA8-4DC6-A514-27D0344C6316}
	EndGlobalSection
EndGlobal
